// !$*UTF8*$!
{
	archiveVersion = 1;
	classes = {
	};
	objectVersion = 48;
	objects = {

/* Begin PBXBuildFile section */
		30B5C04A1F028EC300A6399F /* main.mm in Sources */ = {isa = PBXBuildFile; fileRef = 30B5C0491F028EC300A6399F /* main.mm */; };
		30B5C0521F028F0600A6399F /* runner.mm in Sources */ = {isa = PBXBuildFile; fileRef = 30B5C0511F028F0600A6399F /* runner.mm */; };
		30B5C0551F028F5600A6399F /* VerTexCount.m in Sources */ = {isa = PBXBuildFile; fileRef = 30B5C0541F028F5600A6399F /* VerTexCount.m */; };
/* End PBXBuildFile section */

/* Begin PBXCopyFilesBuildPhase section */
		30B5C0441F028EC300A6399F /* CopyFiles */ = {
			isa = PBXCopyFilesBuildPhase;
			buildActionMask = 2147483647;
			dstPath = /usr/share/man/man1/;
			dstSubfolderSpec = 0;
			files = (
			);
			runOnlyForDeploymentPostprocessing = 1;
		};
/* End PBXCopyFilesBuildPhase section */

/* Begin PBXFileReference section */
		30B5C0461F028EC300A6399F /* FBX2PB */ = {isa = PBXFileReference; explicitFileType = "compiled.mach-o.executable"; includeInIndex = 0; path = FBX2PB; sourceTree = BUILT_PRODUCTS_DIR; };
		30B5C0491F028EC300A6399F /* main.mm */ = {isa = PBXFileReference; lastKnownFileType = sourcecode.cpp.objcpp; path = main.mm; sourceTree = "<group>"; };
		30B5C0501F028EE800A6399F /* runner.h */ = {isa = PBXFileReference; lastKnownFileType = sourcecode.c.h; path = runner.h; sourceTree = "<group>"; };
		30B5C0511F028F0600A6399F /* runner.mm */ = {isa = PBXFileReference; lastKnownFileType = sourcecode.cpp.objcpp; path = runner.mm; sourceTree = "<group>"; };
		30B5C0531F028F3C00A6399F /* VerTexCount.h */ = {isa = PBXFileReference; lastKnownFileType = sourcecode.c.h; path = VerTexCount.h; sourceTree = "<group>"; };
		30B5C0541F028F5600A6399F /* VerTexCount.m */ = {isa = PBXFileReference; lastKnownFileType = sourcecode.c.objc; path = VerTexCount.m; sourceTree = "<group>"; };
		30B5C0571F028FDF00A6399F /* libiconv.2.4.0.tbd */ = {isa = PBXFileReference; lastKnownFileType = "sourcecode.text-based-dylib-definition"; name = libiconv.2.4.0.tbd; path = usr/lib/libiconv.2.4.0.tbd; sourceTree = SDKROOT; };
		30B5C0581F028FDF00A6399F /* libiconv.2.tbd */ = {isa = PBXFileReference; lastKnownFileType = "sourcecode.text-based-dylib-definition"; name = libiconv.2.tbd; path = usr/lib/libiconv.2.tbd; sourceTree = SDKROOT; };
		30B5C0591F028FDF00A6399F /* libiconv.tbd */ = {isa = PBXFileReference; lastKnownFileType = "sourcecode.text-based-dylib-definition"; name = libiconv.tbd; path = usr/lib/libiconv.tbd; sourceTree = SDKROOT; };
/* End PBXFileReference section */

/* Begin PBXFrameworksBuildPhase section */
		30B5C0431F028EC300A6399F /* Frameworks */ = {
			isa = PBXFrameworksBuildPhase;
			buildActionMask = 2147483647;
			files = (
			);
			runOnlyForDeploymentPostprocessing = 0;
		};
/* End PBXFrameworksBuildPhase section */

/* Begin PBXGroup section */
		30B5C03D1F028EC300A6399F = {
			isa = PBXGroup;
			children = (
				30B5C0481F028EC300A6399F /* FBX2PB */,
				30B5C0471F028EC300A6399F /* Products */,
				30B5C0561F028FDF00A6399F /* Frameworks */,
			);
			sourceTree = "<group>";
		};
		30B5C0471F028EC300A6399F /* Products */ = {
			isa = PBXGroup;
			children = (
				30B5C0461F028EC300A6399F /* FBX2PB */,
			);
			name = Products;
			sourceTree = "<group>";
		};
		30B5C0481F028EC300A6399F /* FBX2PB */ = {
			isa = PBXGroup;
			children = (
				30B5C0491F028EC300A6399F /* main.mm */,
				30B5C0501F028EE800A6399F /* runner.h */,
				30B5C0511F028F0600A6399F /* runner.mm */,
				30B5C0531F028F3C00A6399F /* VerTexCount.h */,
				30B5C0541F028F5600A6399F /* VerTexCount.m */,
			);
			path = FBX2PB;
			sourceTree = "<group>";
		};
		30B5C0561F028FDF00A6399F /* Frameworks */ = {
			isa = PBXGroup;
			children = (
				30B5C0571F028FDF00A6399F /* libiconv.2.4.0.tbd */,
				30B5C0581F028FDF00A6399F /* libiconv.2.tbd */,
				30B5C0591F028FDF00A6399F /* libiconv.tbd */,
			);
			name = Frameworks;
			sourceTree = "<group>";
		};
/* End PBXGroup section */

/* Begin PBXNativeTarget section */
		30B5C0451F028EC300A6399F /* FBX2PB */ = {
			isa = PBXNativeTarget;
			buildConfigurationList = 30B5C04D1F028EC300A6399F /* Build configuration list for PBXNativeTarget "FBX2PB" */;
			buildPhases = (
				30B5C0421F028EC300A6399F /* Sources */,
				30B5C0431F028EC300A6399F /* Frameworks */,
				30B5C0441F028EC300A6399F /* CopyFiles */,
			);
			buildRules = (
			);
			dependencies = (
			);
			name = FBX2PB;
			productName = FBX2PB;
			productReference = 30B5C0461F028EC300A6399F /* FBX2PB */;
			productType = "com.apple.product-type.tool";
		};
/* End PBXNativeTarget section */

/* Begin PBXProject section */
		30B5C03E1F028EC300A6399F /* Project object */ = {
			isa = PBXProject;
			attributes = {
				LastUpgradeCheck = 0900;
				ORGANIZATIONNAME = "Kunal Thacker";
				TargetAttributes = {
					30B5C0451F028EC300A6399F = {
						CreatedOnToolsVersion = 9.0;
					};
				};
			};
			buildConfigurationList = 30B5C0411F028EC300A6399F /* Build configuration list for PBXProject "FBX2PB" */;
			compatibilityVersion = "Xcode 8.0";
			developmentRegion = en;
			hasScannedForEncodings = 0;
			knownRegions = (
				en,
			);
			mainGroup = 30B5C03D1F028EC300A6399F;
			productRefGroup = 30B5C0471F028EC300A6399F /* Products */;
			projectDirPath = "";
			projectRoot = "";
			targets = (
				30B5C0451F028EC300A6399F /* FBX2PB */,
			);
		};
/* End PBXProject section */

/* Begin PBXSourcesBuildPhase section */
		30B5C0421F028EC300A6399F /* Sources */ = {
			isa = PBXSourcesBuildPhase;
			buildActionMask = 2147483647;
			files = (
				30B5C04A1F028EC300A6399F /* main.mm in Sources */,
				30B5C0521F028F0600A6399F /* runner.mm in Sources */,
				30B5C0551F028F5600A6399F /* VerTexCount.m in Sources */,
			);
			runOnlyForDeploymentPostprocessing = 0;
		};
/* End PBXSourcesBuildPhase section */

/* Begin XCBuildConfiguration section */
		30B5C04B1F028EC300A6399F /* Debug */ = {
			isa = XCBuildConfiguration;
			buildSettings = {
				ALWAYS_SEARCH_USER_PATHS = NO;
				CLANG_ANALYZER_NONNULL = YES;
				CLANG_ANALYZER_NUMBER_OBJECT_CONVERSION = YES_AGGRESSIVE;
				CLANG_CXX_LANGUAGE_STANDARD = "gnu++14";
				CLANG_CXX_LIBRARY = "libc++";
				CLANG_ENABLE_MODULES = YES;
				CLANG_ENABLE_OBJC_ARC = YES;
				CLANG_WARN_BLOCK_CAPTURE_AUTORELEASING = YES;
				CLANG_WARN_BOOL_CONVERSION = YES;
				CLANG_WARN_COMMA = YES;
				CLANG_WARN_CONSTANT_CONVERSION = YES;
				CLANG_WARN_DIRECT_OBJC_ISA_USAGE = YES_ERROR;
				CLANG_WARN_DOCUMENTATION_COMMENTS = YES;
				CLANG_WARN_EMPTY_BODY = YES;
				CLANG_WARN_ENUM_CONVERSION = YES;
				CLANG_WARN_INFINITE_RECURSION = YES;
				CLANG_WARN_INT_CONVERSION = YES;
				CLANG_WARN_OBJC_ROOT_CLASS = YES_ERROR;
				CLANG_WARN_RANGE_LOOP_ANALYSIS = YES;
				CLANG_WARN_STRICT_PROTOTYPES = YES;
				CLANG_WARN_SUSPICIOUS_MOVE = YES;
				CLANG_WARN_UNGUARDED_AVAILABILITY = YES_AGGRESSIVE;
				CLANG_WARN_UNREACHABLE_CODE = YES;
				CLANG_WARN__DUPLICATE_METHOD_MATCH = YES;
				CODE_SIGN_IDENTITY = "Mac Developer";
				COPY_PHASE_STRIP = NO;
				DEBUG_INFORMATION_FORMAT = dwarf;
				ENABLE_STRICT_OBJC_MSGSEND = YES;
				ENABLE_TESTABILITY = YES;
				GCC_C_LANGUAGE_STANDARD = gnu11;
				GCC_DYNAMIC_NO_PIC = NO;
				GCC_NO_COMMON_BLOCKS = YES;
				GCC_OPTIMIZATION_LEVEL = 0;
				GCC_PREPROCESSOR_DEFINITIONS = (
					"DEBUG=1",
					"$(inherited)",
				);
				GCC_WARN_64_TO_32_BIT_CONVERSION = YES;
				GCC_WARN_ABOUT_RETURN_TYPE = YES_ERROR;
				GCC_WARN_UNDECLARED_SELECTOR = YES;
				GCC_WARN_UNINITIALIZED_AUTOS = YES_AGGRESSIVE;
				GCC_WARN_UNUSED_FUNCTION = YES;
				GCC_WARN_UNUSED_VARIABLE = YES;
				MACOSX_DEPLOYMENT_TARGET = 10.12;
				MTL_ENABLE_DEBUG_INFO = YES;
				ONLY_ACTIVE_ARCH = YES;
				SDKROOT = macosx;
			};
			name = Debug;
		};
		30B5C04C1F028EC300A6399F /* Release */ = {
			isa = XCBuildConfiguration;
			buildSettings = {
				ALWAYS_SEARCH_USER_PATHS = NO;
				CLANG_ANALYZER_NONNULL = YES;
				CLANG_ANALYZER_NUMBER_OBJECT_CONVERSION = YES_AGGRESSIVE;
				CLANG_CXX_LANGUAGE_STANDARD = "gnu++14";
				CLANG_CXX_LIBRARY = "libc++";
				CLANG_ENABLE_MODULES = YES;
				CLANG_ENABLE_OBJC_ARC = YES;
				CLANG_WARN_BLOCK_CAPTURE_AUTORELEASING = YES;
				CLANG_WARN_BOOL_CONVERSION = YES;
				CLANG_WARN_COMMA = YES;
				CLANG_WARN_CONSTANT_CONVERSION = YES;
				CLANG_WARN_DIRECT_OBJC_ISA_USAGE = YES_ERROR;
				CLANG_WARN_DOCUMENTATION_COMMENTS = YES;
				CLANG_WARN_EMPTY_BODY = YES;
				CLANG_WARN_ENUM_CONVERSION = YES;
				CLANG_WARN_INFINITE_RECURSION = YES;
				CLANG_WARN_INT_CONVERSION = YES;
				CLANG_WARN_OBJC_ROOT_CLASS = YES_ERROR;
				CLANG_WARN_RANGE_LOOP_ANALYSIS = YES;
				CLANG_WARN_STRICT_PROTOTYPES = YES;
				CLANG_WARN_SUSPICIOUS_MOVE = YES;
				CLANG_WARN_UNGUARDED_AVAILABILITY = YES_AGGRESSIVE;
				CLANG_WARN_UNREACHABLE_CODE = YES;
				CLANG_WARN__DUPLICATE_METHOD_MATCH = YES;
				CODE_SIGN_IDENTITY = "Mac Developer";
				COPY_PHASE_STRIP = NO;
				DEBUG_INFORMATION_FORMAT = "dwarf-with-dsym";
				ENABLE_NS_ASSERTIONS = NO;
				ENABLE_STRICT_OBJC_MSGSEND = YES;
				GCC_C_LANGUAGE_STANDARD = gnu11;
				GCC_NO_COMMON_BLOCKS = YES;
				GCC_WARN_64_TO_32_BIT_CONVERSION = YES;
				GCC_WARN_ABOUT_RETURN_TYPE = YES_ERROR;
				GCC_WARN_UNDECLARED_SELECTOR = YES;
				GCC_WARN_UNINITIALIZED_AUTOS = YES_AGGRESSIVE;
				GCC_WARN_UNUSED_FUNCTION = YES;
				GCC_WARN_UNUSED_VARIABLE = YES;
				MACOSX_DEPLOYMENT_TARGET = 10.12;
				MTL_ENABLE_DEBUG_INFO = NO;
				SDKROOT = macosx;
			};
			name = Release;
		};
		30B5C04E1F028EC300A6399F /* Debug */ = {
			isa = XCBuildConfiguration;
			buildSettings = {
				ALWAYS_SEARCH_USER_PATHS = YES;
				DEVELOPMENT_TEAM = 8UB24XC54S;
				HEADER_SEARCH_PATHS = "/Applications/Autodesk/FBX\\ SDK/2018.1.1/lib/clang/debug/libfbxsdk.dylib";
				ONLY_ACTIVE_ARCH = NO;
				"OTHER_LDFLAGS[arch=*]" = (
					"-ObjC",
					"\"/Applications/Autodesk/FBX\\ SDK/2018.1.1/lib/clang/debug/libfbxsdk.a\"",
				);
				PRODUCT_NAME = "$(TARGET_NAME)";
				USER_HEADER_SEARCH_PATHS = "/Applications/Autodesk/FBX\\ SDK/2018.1.1/include";
			};
			name = Debug;
		};
		30B5C04F1F028EC300A6399F /* Release */ = {
			isa = XCBuildConfiguration;
			buildSettings = {
				ALWAYS_SEARCH_USER_PATHS = YES;
				DEVELOPMENT_TEAM = 8UB24XC54S;
				HEADER_SEARCH_PATHS = "/Applications/Autodesk/FBX\\ SDK/2018.1.1/lib/clang/debug/libfbxsdk.dylib";
				"OTHER_LDFLAGS[arch=*]" = (
					"-ObjC",
					"\"/Applications/Autodesk/FBX\\ SDK/2018.1.1/lib/clang/release/libfbxsdk.a\"",
				);
				PRODUCT_NAME = "$(TARGET_NAME)";
				USER_HEADER_SEARCH_PATHS = "/Applications/Autodesk/FBX\\ SDK/2018.1.1/include";
			};
			name = Release;
		};
/* End XCBuildConfiguration section */

/* Begin XCConfigurationList section */
		30B5C0411F028EC300A6399F /* Build configuration list for PBXProject "FBX2PB" */ = {
			isa = XCConfigurationList;
			buildConfigurations = (
				30B5C04B1F028EC300A6399F /* Debug */,
				30B5C04C1F028EC300A6399F /* Release */,
			);
			defaultConfigurationIsVisible = 0;
			defaultConfigurationName = Release;
		};
		30B5C04D1F028EC300A6399F /* Build configuration list for PBXNativeTarget "FBX2PB" */ = {
			isa = XCConfigurationList;
			buildConfigurations = (
				30B5C04E1F028EC300A6399F /* Debug */,
				30B5C04F1F028EC300A6399F /* Release */,
			);
			defaultConfigurationIsVisible = 0;
		};
/* End XCConfigurationList section */
	};
	rootObject = 30B5C03E1F028EC300A6399F /* Project object */;
}
